
Microsoft Visual Studio Solution File, Format Version 12.00
# Visual Studio Version 17
VisualStudioVersion = 17.9.34607.119
MinimumVisualStudioVersion = 10.0.40219.1
Project("{FAE04EC0-301F-11D3-BF4B-00C04F79EFBC}") = "Course", "Construtores\Course.csproj", "{097DEAF6-2E09-48BB-9F0D-9725BC164583}"
EndProject
Global
	GlobalSection(SolutionConfigurationPlatforms) = preSolution
		Debug|Any CPU = Debug|Any CPU
		Release|Any CPU = Release|Any CPU
	EndGlobalSection
	GlobalSection(ProjectConfigurationPlatforms) = postSolution
		{097DEAF6-2E09-48BB-9F0D-9725BC164583}.Debug|Any CPU.ActiveCfg = Debug|Any CPU
		{097DEAF6-2E09-48BB-9F0D-9725BC164583}.Debug|Any CPU.Build.0 = Debug|Any CPU
		{097DEAF6-2E09-48BB-9F0D-9725BC164583}.Release|Any CPU.ActiveCfg = Release|Any CPU
		{097DEAF6-2E09-48BB-9F0D-9725BC164583}.Release|Any CPU.Build.0 = Release|Any CPU
	EndGlobalSection
	GlobalSection(SolutionProperties) = preSolution
		HideSolutionNode = FALSE
	EndGlobalSection
	GlobalSection(ExtensibilityGlobals) = postSolution
		SolutionGuid = {9C970BB5-83DC-4D0C-8F8D-C57D237948B0}
	EndGlobalSection
EndGlobal
