
Microsoft Visual Studio Solution File, Format Version 12.00
# Visual Studio Version 17
VisualStudioVersion = 17.9.34607.119
MinimumVisualStudioVersion = 10.0.40219.1
Project("{FAE04EC0-301F-11D3-BF4B-00C04F79EFBC}") = "Course", "Course\Course.csproj", "{318B4F5A-60B0-4447-963D-CDDA9162401B}"
EndProject
Global
	GlobalSection(SolutionConfigurationPlatforms) = preSolution
		Debug|Any CPU = Debug|Any CPU
		Release|Any CPU = Release|Any CPU
	EndGlobalSection
	GlobalSection(ProjectConfigurationPlatforms) = postSolution
		{318B4F5A-60B0-4447-963D-CDDA9162401B}.Debug|Any CPU.ActiveCfg = Debug|Any CPU
		{318B4F5A-60B0-4447-963D-CDDA9162401B}.Debug|Any CPU.Build.0 = Debug|Any CPU
		{318B4F5A-60B0-4447-963D-CDDA9162401B}.Release|Any CPU.ActiveCfg = Release|Any CPU
		{318B4F5A-60B0-4447-963D-CDDA9162401B}.Release|Any CPU.Build.0 = Release|Any CPU
	EndGlobalSection
	GlobalSection(SolutionProperties) = preSolution
		HideSolutionNode = FALSE
	EndGlobalSection
	GlobalSection(ExtensibilityGlobals) = postSolution
		SolutionGuid = {F7EF97D2-EC47-4638-BD19-872CA503CA8E}
	EndGlobalSection
EndGlobal
